{
  "name": "sample-test",
  "lockfileVersion": 2,
  "requires": true,
  "packages": {
    "": {
      "dependencies": {
        "sample-packages": "file:../sample-packages"
      }
    },
    "../sample-packages": {
      "version": "1.0.0",
      "license": "ISC"
    },
    "node_modules/sample-packages": {
      "resolved": "../sample-packages",
      "link": true
    }
  },
  "dependencies": {
    "sample-packages": {
      "version": "file:../sample-packages"
    }
  }
}
